
Microsoft Visual Studio Solution File, Format Version 12.00
# Visual Studio Version 17
VisualStudioVersion = 17.0.32112.339
MinimumVisualStudioVersion = 10.0.40219.1
Project("{9A19103F-16F7-4668-BE54-9A1E7A4F7556}") = "AzureVision", "AzureVision\AzureVision.csproj", "{913ECBF5-87AB-4D21-8B36-900B3F424ACF}"
EndProject
Global
	GlobalSection(SolutionConfigurationPlatforms) = preSolution
		Debug|Any CPU = Debug|Any CPU
		Release|Any CPU = Release|Any CPU
	EndGlobalSection
	GlobalSection(ProjectConfigurationPlatforms) = postSolution
		{913ECBF5-87AB-4D21-8B36-900B3F424ACF}.Debug|Any CPU.ActiveCfg = Debug|Any CPU
		{913ECBF5-87AB-4D21-8B36-900B3F424ACF}.Debug|Any CPU.Build.0 = Debug|Any CPU
		{913ECBF5-87AB-4D21-8B36-900B3F424ACF}.Release|Any CPU.ActiveCfg = Release|Any CPU
		{913ECBF5-87AB-4D21-8B36-900B3F424ACF}.Release|Any CPU.Build.0 = Release|Any CPU
	EndGlobalSection
	GlobalSection(SolutionProperties) = preSolution
		HideSolutionNode = FALSE
	EndGlobalSection
	GlobalSection(ExtensibilityGlobals) = postSolution
		SolutionGuid = {58EA526B-D3C2-4087-AE51-1F83E6E48EA3}
	EndGlobalSection
EndGlobal
